<?xml version="1.0" encoding="UTF-8" standalone="yes" ?>
<CodeBlocks_project_file>
	<FileVersion major="1" minor="6" />
	<Project>
		<Option title="render" />
		<Option pch_mode="2" />
		<Option compiler="gcc" />
		<Build>
			<Target title="Debug">
				<Option output="bin/Debug/render" prefix_auto="1" extension_auto="1" />
				<Option object_output="obj/Debug/" />
				<Option type="1" />
				<Option compiler="gcc" />
				<Compiler>
					<Add option="-g" />
					<Add option="-DDER_DEBUG" />
				</Compiler>
			</Target>
			<Target title="Release">
				<Option output="bin/Release/render" prefix_auto="1" extension_auto="1" />
				<Option object_output="obj/Release/" />
				<Option type="1" />
				<Option compiler="gcc" />
				<Compiler>
					<Add option="-O2" />
				</Compiler>
				<Linker>
					<Add option="-s" />
				</Linker>
			</Target>
		</Build>
		<Compiler>
			<Add option="-std=c++11" />
			<Add option="-Wall" />
			<Add option="-DGLEW_STATIC" />
			<Add directory="$(#glfw.include)" />
			<Add directory="$(#glew.include)" />
		</Compiler>
		<Linker>
			<Add option="-lglfw3  -lglew32 -lgdi32 -lopengl32 -lws2_32" />
			<Add directory="$(#glfw.lib)" />
			<Add directory="$(#glew.lib)" />
		</Linker>
		<Unit filename="assets/materials/Barrel.material" />
		<Unit filename="assets/materials/Barrel2.material" />
		<Unit filename="assets/materials/Brick.material" />
		<Unit filename="assets/materials/Brickwall.material" />
		<Unit filename="assets/materials/Bush.material" />
		<Unit filename="assets/materials/Color.material" />
		<Unit filename="assets/materials/CoolingTower.material" />
		<Unit filename="assets/materials/Cube.material" />
		<Unit filename="assets/materials/Fence.material" />
		<Unit filename="assets/materials/GeneratorBase.material" />
		<Unit filename="assets/materials/GeneratorCylinder.material" />
		<Unit filename="assets/materials/GeneratorTop.material" />
		<Unit filename="assets/materials/Gold.material" />
		<Unit filename="assets/materials/Ground.material" />
		<Unit filename="assets/materials/IBeam.material" />
		<Unit filename="assets/materials/Rock.material" />
		<Unit filename="assets/materials/Rust.material" />
		<Unit filename="assets/materials/Shed.material" />
		<Unit filename="assets/materials/Skybox.material" />
		<Unit filename="assets/materials/SpiderbotCables.material" />
		<Unit filename="assets/materials/SpiderbotCopper.material" />
		<Unit filename="assets/shaders/color.frag" />
		<Unit filename="assets/shaders/color.vert" />
		<Unit filename="assets/shaders/common.glsl" />
		<Unit filename="assets/shaders/default.frag" />
		<Unit filename="assets/shaders/default.vert" />
		<Unit filename="assets/shaders/gui.frag" />
		<Unit filename="assets/shaders/gui.vert" />
		<Unit filename="assets/shaders/pbs.frag" />
		<Unit filename="assets/shaders/pbs.vert" />
		<Unit filename="assets/shaders/pbs_ground.frag" />
		<Unit filename="assets/shaders/skybox.frag" />
		<Unit filename="assets/shaders/skybox.vert" />
		<Unit filename="assets/shaders/vegetation.frag" />
		<Unit filename="assets/textures/Skybox.cube" />
		<Unit filename="assets/textures/Test_cube_map.cube" />
		<Unit filename="doc/Plan.txt" />
		<Unit filename="doc/Scene_export_manual.txt" />
		<Unit filename="src/Application.cpp" />
		<Unit filename="src/Application.h" />
		<Unit filename="src/Config.h" />
		<Unit filename="src/Debug.cpp" />
		<Unit filename="src/Debug.h" />
		<Unit filename="src/Input.h" />
		<Unit filename="src/Log.cpp" />
		<Unit filename="src/Log.h" />
		<Unit filename="src/Types.h" />
		<Unit filename="src/Window.cpp" />
		<Unit filename="src/Window.h" />
		<Unit filename="src/input/CameraController.cpp" />
		<Unit filename="src/input/CameraController.h" />
		<Unit filename="src/input/InputController.cpp" />
		<Unit filename="src/input/InputController.h" />
		<Unit filename="src/main.cpp" />
		<Unit filename="src/math/Aabb.cpp" />
		<Unit filename="src/math/Aabb.h" />
		<Unit filename="src/math/Frustum.cpp" />
		<Unit filename="src/math/Frustum.h" />
		<Unit filename="src/math/Math.cpp" />
		<Unit filename="src/math/Math.h" />
		<Unit filename="src/math/Matrix3.cpp" />
		<Unit filename="src/math/Matrix3.h" />
		<Unit filename="src/math/Matrix4.cpp" />
		<Unit filename="src/math/Matrix4.h" />
		<Unit filename="src/math/Projection.cpp" />
		<Unit filename="src/math/Projection.h" />
		<Unit filename="src/math/Quaternion.cpp" />
		<Unit filename="src/math/Quaternion.h" />
		<Unit filename="src/math/Vector.cpp" />
		<Unit filename="src/math/Vector.h" />
		<Unit filename="src/network/SceneUpdateServer.cpp" />
		<Unit filename="src/network/SceneUpdateServer.h" />
		<Unit filename="src/network/UDPServer.cpp" />
		<Unit filename="src/network/UDPServer.h" />
		<Unit filename="src/renderer/BufferObject.cpp" />
		<Unit filename="src/renderer/BufferObject.h" />
		<Unit filename="src/renderer/ColorFrameBuffer.cpp" />
		<Unit filename="src/renderer/ColorFrameBuffer.h" />
		<Unit filename="src/renderer/DepthOnlyFrameBuffer.cpp" />
		<Unit filename="src/renderer/DepthOnlyFrameBuffer.h" />
		<Unit filename="src/renderer/FrameBuffer.cpp" />
		<Unit filename="src/renderer/FrameBuffer.h" />
		<Unit filename="src/renderer/GLTypes.h" />
		<Unit filename="src/renderer/Graphics.cpp" />
		<Unit filename="src/renderer/Graphics.h" />
		<Unit filename="src/renderer/GraphicsTypes.h" />
		<Unit filename="src/renderer/IndexBuffer.cpp" />
		<Unit filename="src/renderer/IndexBuffer.h" />
		<Unit filename="src/renderer/Material.cpp" />
		<Unit filename="src/renderer/Material.h" />
		<Unit filename="src/renderer/Mesh.cpp" />
		<Unit filename="src/renderer/Mesh.h" />
		<Unit filename="src/renderer/MeshRenderer.cpp" />
		<Unit filename="src/renderer/MeshRenderer.h" />
		<Unit filename="src/renderer/PrimitiveTypeInternalConv.h" />
		<Unit filename="src/renderer/QuadTreeRenderer.cpp" />
		<Unit filename="src/renderer/QuadTreeRenderer.h" />
		<Unit filename="src/renderer/Renderer.cpp" />
		<Unit filename="src/renderer/Renderer.h" />
		<Unit filename="src/renderer/SceneRenderer.cpp" />
		<Unit filename="src/renderer/SceneRenderer.h" />
		<Unit filename="src/renderer/Shader.cpp" />
		<Unit filename="src/renderer/Shader.h" />
		<Unit filename="src/renderer/Texture.cpp" />
		<Unit filename="src/renderer/Texture.h" />
		<Unit filename="src/renderer/TextureCube.cpp" />
		<Unit filename="src/renderer/TextureCube.h" />
		<Unit filename="src/renderer/TextureInternalConv.h" />
		<Unit filename="src/renderer/TransformRenderer.cpp" />
		<Unit filename="src/renderer/TransformRenderer.h" />
		<Unit filename="src/renderer/UniformBuffer.cpp" />
		<Unit filename="src/renderer/UniformBuffer.h" />
		<Unit filename="src/renderer/VertexArrayObject.cpp" />
		<Unit filename="src/renderer/VertexArrayObject.h" />
		<Unit filename="src/renderer/VertexBuffer.cpp" />
		<Unit filename="src/renderer/VertexBuffer.h" />
		<Unit filename="src/resource/BaseResourceCache.h" />
		<Unit filename="src/resource/DirectoryFiles.cpp" />
		<Unit filename="src/resource/DirectoryFiles.h" />
		<Unit filename="src/resource/FileStat.cpp" />
		<Unit filename="src/resource/FileStat.h" />
		<Unit filename="src/resource/ImageTga.cpp" />
		<Unit filename="src/resource/ImageTga.h" />
		<Unit filename="src/resource/MaterialCache.cpp" />
		<Unit filename="src/resource/MaterialCache.h" />
		<Unit filename="src/resource/MeshBuilder.cpp" />
		<Unit filename="src/resource/MeshBuilder.h" />
		<Unit filename="src/resource/MeshCache.cpp" />
		<Unit filename="src/resource/MeshCache.h" />
		<Unit filename="src/resource/ObjMeshLoader.cpp" />
		<Unit filename="src/resource/ObjMeshLoader.h" />
		<Unit filename="src/resource/Resource.h" />
		<Unit filename="src/resource/ResourceCache.cpp" />
		<Unit filename="src/resource/ResourceCache.h" />
		<Unit filename="src/resource/SceneLoader.cpp" />
		<Unit filename="src/resource/SceneLoader.h" />
		<Unit filename="src/resource/ShaderCache.cpp" />
		<Unit filename="src/resource/ShaderCache.h" />
		<Unit filename="src/resource/TextureCache.cpp" />
		<Unit filename="src/resource/TextureCache.h" />
		<Unit filename="src/resource/TextureCubeCache.cpp" />
		<Unit filename="src/resource/TextureCubeCache.h" />
		<Unit filename="src/scene/Camera.cpp" />
		<Unit filename="src/scene/Camera.h" />
		<Unit filename="src/scene/GameObject.cpp" />
		<Unit filename="src/scene/GameObject.h" />
		<Unit filename="src/scene/Light.cpp" />
		<Unit filename="src/scene/Light.h" />
		<Unit filename="src/scene/QuadTree.cpp" />
		<Unit filename="src/scene/QuadTree.h" />
		<Unit filename="src/scene/Scene.cpp" />
		<Unit filename="src/scene/Scene.h" />
		<Unit filename="src/ui/BitmapFont.cpp" />
		<Unit filename="src/ui/BitmapFont.h" />
		<Unit filename="src/ui/BitmapFontLoader.cpp" />
		<Unit filename="src/ui/BitmapFontLoader.h" />
		<Unit filename="src/ui/Button.cpp" />
		<Unit filename="src/ui/Button.h" />
		<Unit filename="src/ui/Checkbox.cpp" />
		<Unit filename="src/ui/Checkbox.h" />
		<Unit filename="src/ui/GUIManager.cpp" />
		<Unit filename="src/ui/GUIManager.h" />
		<Unit filename="src/ui/GUIRenderer.cpp" />
		<Unit filename="src/ui/GUIRenderer.h" />
		<Unit filename="src/ui/Label.cpp" />
		<Unit filename="src/ui/Label.h" />
		<Unit filename="src/ui/Slider.cpp" />
		<Unit filename="src/ui/Slider.h" />
		<Unit filename="src/ui/TextureDisplay.cpp" />
		<Unit filename="src/ui/TextureDisplay.h" />
		<Unit filename="src/ui/ValueDisplay.cpp" />
		<Unit filename="src/ui/ValueDisplay.h" />
		<Unit filename="src/ui/Widget.cpp" />
		<Unit filename="src/ui/Widget.h" />
		<Extensions>
			<code_completion />
			<envvars />
			<debugger />
			<DoxyBlocks>
				<comment_style block="0" line="0" />
				<doxyfile_project />
				<doxyfile_build />
				<doxyfile_warnings />
				<doxyfile_output />
				<doxyfile_dot have_dot="1" />
				<general />
			</DoxyBlocks>
		</Extensions>
	</Project>
</CodeBlocks_project_file>
