<?xml version="1.0" encoding="UTF-8" standalone="yes" ?>
<CodeBlocks_project_file>
	<FileVersion major="1" minor="6" />
	<Project>
		<Option title="render" />
		<Option pch_mode="2" />
		<Option compiler="gcc" />
		<Build>
			<Target title="Debug">
				<Option output="bin/Debug/render" prefix_auto="1" extension_auto="1" />
				<Option object_output="obj/Debug/" />
				<Option type="1" />
				<Option compiler="gcc" />
				<Compiler>
					<Add option="-g" />
					<Add option="-DDER_DEBUG" />
				</Compiler>
			</Target>
			<Target title="Release">
				<Option output="bin/Release/render" prefix_auto="1" extension_auto="1" />
				<Option object_output="obj/Release/" />
				<Option type="1" />
				<Option compiler="gcc" />
				<Compiler>
					<Add option="-O2" />
				</Compiler>
				<Linker>
					<Add option="-s" />
				</Linker>
			</Target>
		</Build>
		<Compiler>
			<Add option="-std=c++11" />
			<Add option="-Wall" />
			<Add option="-DGLEW_STATIC" />
			<Add directory="$(#glfw.include)" />
			<Add directory="$(#glew.include)" />
		</Compiler>
		<Linker>
			<Add option="-lglfw3  -lglew32 -lgdi32 -lopengl32" />
			<Add directory="$(#glfw.lib)" />
			<Add directory="$(#glew.lib)" />
		</Linker>
		<Unit filename="assets/shaders/test.frag" />
		<Unit filename="assets/shaders/test.vert" />
		<Unit filename="doc/Plan.txt" />
		<Unit filename="src/Application.cpp" />
		<Unit filename="src/Application.h" />
		<Unit filename="src/Config.h" />
		<Unit filename="src/Debug.cpp" />
		<Unit filename="src/Debug.h" />
		<Unit filename="src/Input.h" />
		<Unit filename="src/Log.cpp" />
		<Unit filename="src/Log.h" />
		<Unit filename="src/Types.h" />
		<Unit filename="src/Window.cpp" />
		<Unit filename="src/Window.h" />
		<Unit filename="src/input/CameraController.h" />
		<Unit filename="src/input/InputController.h" />
		<Unit filename="src/main.cpp" />
		<Unit filename="src/math/Math.cpp" />
		<Unit filename="src/math/Math.h" />
		<Unit filename="src/math/Matrix3.cpp" />
		<Unit filename="src/math/Matrix3.h" />
		<Unit filename="src/math/Matrix4.cpp" />
		<Unit filename="src/math/Matrix4.h" />
		<Unit filename="src/math/Projection.cpp" />
		<Unit filename="src/math/Projection.h" />
		<Unit filename="src/math/Quaternion.cpp" />
		<Unit filename="src/math/Quaternion.h" />
		<Unit filename="src/math/Vector.cpp" />
		<Unit filename="src/math/Vector.h" />
		<Unit filename="src/renderer/BufferObject.cpp" />
		<Unit filename="src/renderer/BufferObject.h" />
		<Unit filename="src/renderer/GLTypes.h" />
		<Unit filename="src/renderer/Graphics.cpp" />
		<Unit filename="src/renderer/Graphics.h" />
		<Unit filename="src/renderer/IndexBuffer.cpp" />
		<Unit filename="src/renderer/IndexBuffer.h" />
		<Unit filename="src/renderer/Mesh.cpp" />
		<Unit filename="src/renderer/Mesh.h" />
		<Unit filename="src/renderer/MeshRenderer.cpp" />
		<Unit filename="src/renderer/MeshRenderer.h" />
		<Unit filename="src/renderer/SceneRenderer.cpp" />
		<Unit filename="src/renderer/SceneRenderer.h" />
		<Unit filename="src/renderer/Shader.cpp" />
		<Unit filename="src/renderer/Shader.h" />
		<Unit filename="src/renderer/Texture.cpp" />
		<Unit filename="src/renderer/Texture.h" />
		<Unit filename="src/renderer/UniformBuffer.cpp" />
		<Unit filename="src/renderer/UniformBuffer.h" />
		<Unit filename="src/renderer/VertexArrayObject.cpp" />
		<Unit filename="src/renderer/VertexArrayObject.h" />
		<Unit filename="src/renderer/VertexBuffer.cpp" />
		<Unit filename="src/renderer/VertexBuffer.h" />
		<Unit filename="src/resource/BaseResourceCache.h" />
		<Unit filename="src/resource/DirectoryFiles.cpp" />
		<Unit filename="src/resource/DirectoryFiles.h" />
		<Unit filename="src/resource/MeshBuilder.cpp" />
		<Unit filename="src/resource/MeshBuilder.h" />
		<Unit filename="src/resource/MeshCache.cpp" />
		<Unit filename="src/resource/MeshCache.h" />
		<Unit filename="src/resource/ObjMeshLoader.cpp" />
		<Unit filename="src/resource/ObjMeshLoader.h" />
		<Unit filename="src/resource/Resource.h" />
		<Unit filename="src/resource/ResourceCache.cpp" />
		<Unit filename="src/resource/ResourceCache.h" />
		<Unit filename="src/resource/ShaderCache.cpp" />
		<Unit filename="src/resource/ShaderCache.h" />
		<Unit filename="src/resource/TextureCache.cpp" />
		<Unit filename="src/resource/TextureCache.h" />
		<Unit filename="src/scene/Camera.cpp" />
		<Unit filename="src/scene/Camera.h" />
		<Unit filename="src/scene/GameObject.cpp" />
		<Unit filename="src/scene/GameObject.h" />
		<Unit filename="src/scene/Scene.cpp" />
		<Unit filename="src/scene/Scene.h" />
		<Extensions>
			<code_completion />
			<envvars />
			<debugger />
			<DoxyBlocks>
				<comment_style block="0" line="0" />
				<doxyfile_project />
				<doxyfile_build />
				<doxyfile_warnings />
				<doxyfile_output />
				<doxyfile_dot have_dot="1" />
				<general />
			</DoxyBlocks>
		</Extensions>
	</Project>
</CodeBlocks_project_file>
